{
  "version": 4,
  "terraform_version": "1.11.2",
  "serial": 30,
  "lineage": "cf62b8da-f2cc-78c0-1748-a902fc11a15a",
  "outputs": {
    "codedeploy_app_name": {
      "value": "istory-app",
      "type": "string"
    },
    "codedeploy_deployment_group_name": {
      "value": "istory-deploy-group",
      "type": "string"
    },
    "dev_istory_nginx_instance_public_ip": {
      "value": "52.79.60.67",
      "type": "string"
    },
    "istory-deploy-bucket_name": {
      "value": "istory-deploy-bucket-253490795297",
      "type": "string"
    },
    "rds_database_name": {
      "value": "istory",
      "type": "string"
    },
    "rds_endpoint": {
      "value": "istory-db.cl4keayc2l4w.ap-northeast-2.rds.amazonaws.com:3306",
      "type": "string"
    },
    "rds_username": {
      "value": "user",
      "type": "string"
    },
    "ssh_private_key_pem": {
      "value": "-----BEGIN RSA PRIVATE KEY-----\nMIIEowIBAAKCAQEAxlwnK0dQ0Exrbgt4bN5jWirl8IAZs90rYgVp+H+8h5f7aiip\na/yTb6A0X/Eq6fSmL7mHv7n2TC3jW99+CLpxjpCUMaTco+/EpbEbJRsiD8b8kUwx\nohkGw06b/oN35/V9q9JsArZ7OE1M/0ukZ7+xoV+Z/bmLe6ItGWDA6qKPSv+wp62s\nliigRaZKTCIAb6T2/wj+HKYB/13DiyhkyY2j0/J0Ro5t8QzVkN/pHYQSrqk+utA5\nRAnzcCT44ZFFaOu3x8Xq1ltJYaIGXIm+MIvMqMEQ7UpaI2LSxRYdU9m73GhV3Z8q\nOCn4+WBJ64KO6ce/emPM07FW9COVxSsUiqqSbQIDAQABAoIBAEJzbr/F5WHSqA62\nkwJNwhTb2Cooj/O8fSMaUzTnff4iwRwAQTmm5LF5hvI5Nbootl+4lKx7HPLKUKdf\niLZd11r+PlcfNrdIxKUJXuGgZFnKvKPkVaBLKAPX2tR5sHqpuA8OsBZ8kWz8IHZK\nHeqPwm8gOtNQDFU/sEIXMqmoCb8CsF37sMshMqJbET0CO7oGyCZIo2KYS5l6UGyg\nnxYvjcwjEK/ECt4+34pEG2nv92rdnsi0vqn8bgWwzfVcB+ZZDWy15EPWDs6KMFYZ\ngkOdgvxDTiFE/rsTWhkZyoDSkpk3AFQUWg+qhO8U3zMe3/2OOVvWB8sguS1bOa/M\n2EC1NoECgYEA56Ujx1hHb2kJSYNKaEexl+H6JhcXSRAblQFDJFx9F2yEY/1H6XiP\ncZIs8kyzJ/52UeYMLops6Y7HnIZzXL/e7h7H82FK3MJH2ZDuqHJdBnZ75Kw+2Sba\nnX02txi/w+dT8/UcaOco91oElU5HHVn+ULq7gr2F8d/fl5wxgwJccqECgYEA2zcg\nI9L9lhPf4Q5jzMOP3HjBoj35LYoVd0yP7+0ZFXwvzNV4KMV5Ovv8gkJ5tLQU0pGJ\n2mWH0SDwLbmNk1+FbU1luy1ZnqBL+WrE/8kHgdvFdzMBLEM0Is5CBqsS1ttBxPL8\nQMAtY8hniZCUes2eU2eeRBRqGZQOjbVqfEH9GE0CgYAtWFFZq3lIYNpVjqLZKPel\n0LGkFS8UuVd84qNfEc/W7wI3hJQ4KsaBp+iugb8sXA6TV6IY1jYdvjpq9JLOnCyq\nllHz3Z7G+i0QdOOTC9gT9Mup5uHipk1zONimHO0lDzqK7fdivaVyTifJhmo7X6t9\n6B/epvT6dSWSyxuSFrs8IQKBgF2mmUZ0tv1MlFJzcVNjIKyRsjd7vl4kJbOHs95O\nLm8tVMZvVBwm8Pmv+Vo0yAXZASRMJNZ2laVUKwd9w+v33OqrLBDg+O55kLuHT43u\n9hQWLbAUzCV6uGU+NJrgrvW3Scu3+ug2sa11SjZM3AHyofcDx2tSRVmUFPuZS1q2\nXkfpAoGBALARfpsfpLKCohgkE4ld6TaLC5s0CUD8sRBknG/4hIhEVhaSJJyxEgn4\nrj0TnHMJadAdvBtqyhKGQOcS08oY4LXbCyst2z0y3G/l3WUipPZZdS3JzkNg8WR4\ntBmMdYOvFp6x4iwbo4M7RlY9OCRNUOFq1xDwTWAwgueZcRcCkwm9\n-----END RSA PRIVATE KEY-----\n",
      "type": "string",
      "sensitive": true
    }
  },
  "resources": [
    {
      "mode": "data",
      "type": "aws_caller_identity",
      "name": "current",
      "provider": "provider[\"registry.terraform.io/hashicorp/aws\"]",
      "instances": [
        {
          "schema_version": 0,
          "attributes": {
            "account_id": "253490795297",
            "arn": "arn:aws:iam::253490795297:user/cicd",
            "id": "253490795297",
            "user_id": "AIDATWBJ2SMQQVXASKTUN"
          },
          "sensitive_attributes": []
        }
      ]
    },
    {
      "mode": "managed",
      "type": "aws_codedeploy_app",
      "name": "istory-app",
      "provider": "provider[\"registry.terraform.io/hashicorp/aws\"]",
      "instances": [
        {
          "schema_version": 0,
          "attributes": {
            "application_id": "6325b8df-df27-4e21-9604-fd0b1be677a3",
            "arn": "arn:aws:codedeploy:ap-northeast-2:253490795297:application:istory-app",
            "compute_platform": "Server",
            "github_account_name": "",
            "id": "6325b8df-df27-4e21-9604-fd0b1be677a3:istory-app",
            "linked_to_github": false,
            "name": "istory-app",
            "tags": null,
            "tags_all": {}
          },
          "sensitive_attributes": [],
          "private": "bnVsbA=="
        }
      ]
    },
    {
      "mode": "managed",
      "type": "aws_codedeploy_deployment_group",
      "name": "istory-deploy_group",
      "provider": "provider[\"registry.terraform.io/hashicorp/aws\"]",
      "instances": [
        {
          "schema_version": 0,
          "attributes": {
            "alarm_configuration": [],
            "app_name": "istory-app",
            "arn": "arn:aws:codedeploy:ap-northeast-2:253490795297:deploymentgroup:istory-app/istory-deploy-group",
            "auto_rollback_configuration": [
              {
                "enabled": true,
                "events": [
                  "DEPLOYMENT_FAILURE"
                ]
              }
            ],
            "autoscaling_groups": null,
            "blue_green_deployment_config": [],
            "compute_platform": "Server",
            "deployment_config_name": "CodeDeployDefault.OneAtATime",
            "deployment_group_id": "e644f7cb-41c0-452a-8639-e2827d976f3b",
            "deployment_group_name": "istory-deploy-group",
            "deployment_style": [
              {
                "deployment_option": "WITHOUT_TRAFFIC_CONTROL",
                "deployment_type": "IN_PLACE"
              }
            ],
            "ec2_tag_filter": [],
            "ec2_tag_set": [
              {
                "ec2_tag_filter": [
                  {
                    "key": "Environment",
                    "type": "KEY_AND_VALUE",
                    "value": "Development"
                  }
                ]
              }
            ],
            "ecs_service": [],
            "id": "e644f7cb-41c0-452a-8639-e2827d976f3b",
            "load_balancer_info": [],
            "on_premises_instance_tag_filter": [],
            "outdated_instances_strategy": "UPDATE",
            "service_role_arn": "arn:aws:iam::253490795297:role/CodeDeployServiceRole",
            "tags": null,
            "tags_all": {},
            "termination_hook_enabled": false,
            "trigger_configuration": []
          },
          "sensitive_attributes": [],
          "private": "bnVsbA==",
          "dependencies": [
            "aws_codedeploy_app.istory-app",
            "aws_iam_role.codedeploy_service_role"
          ]
        }
      ]
    },
    {
      "mode": "managed",
      "type": "aws_db_instance",
      "name": "istory_db",
      "provider": "provider[\"registry.terraform.io/hashicorp/aws\"]",
      "instances": [
        {
          "schema_version": 2,
          "attributes": {
            "address": "istory-db.cl4keayc2l4w.ap-northeast-2.rds.amazonaws.com",
            "allocated_storage": 20,
            "allow_major_version_upgrade": null,
            "apply_immediately": false,
            "arn": "arn:aws:rds:ap-northeast-2:253490795297:db:istory-db",
            "auto_minor_version_upgrade": true,
            "availability_zone": "ap-northeast-2d",
            "backup_retention_period": 7,
            "backup_target": "region",
            "backup_window": "03:00-04:00",
            "blue_green_update": [],
            "ca_cert_identifier": "rds-ca-rsa2048-g1",
            "character_set_name": "",
            "copy_tags_to_snapshot": false,
            "custom_iam_instance_profile": "",
            "customer_owned_ip_enabled": false,
            "database_insights_mode": "standard",
            "db_name": "istory",
            "db_subnet_group_name": "istory-db-subnet-group",
            "dedicated_log_volume": false,
            "delete_automated_backups": true,
            "deletion_protection": false,
            "domain": "",
            "domain_auth_secret_arn": "",
            "domain_dns_ips": null,
            "domain_fqdn": "",
            "domain_iam_role_name": "",
            "domain_ou": "",
            "enabled_cloudwatch_logs_exports": null,
            "endpoint": "istory-db.cl4keayc2l4w.ap-northeast-2.rds.amazonaws.com:3306",
            "engine": "mysql",
            "engine_lifecycle_support": "open-source-rds-extended-support",
            "engine_version": "8.0",
            "engine_version_actual": "8.0.40",
            "final_snapshot_identifier": null,
            "hosted_zone_id": "ZLA2NUCOLGUUR",
            "iam_database_authentication_enabled": false,
            "id": "db-ZMGTQFD4SEV2TNCMEYFDGSOUWM",
            "identifier": "istory-db",
            "identifier_prefix": "",
            "instance_class": "db.t3.micro",
            "iops": 0,
            "kms_key_id": "",
            "latest_restorable_time": "2025-03-22T05:25:49Z",
            "license_model": "general-public-license",
            "listener_endpoint": [],
            "maintenance_window": "mon:04:00-mon:05:00",
            "manage_master_user_password": null,
            "master_user_secret": [],
            "master_user_secret_kms_key_id": null,
            "max_allocated_storage": 0,
            "monitoring_interval": 0,
            "monitoring_role_arn": "",
            "multi_az": false,
            "nchar_character_set_name": "",
            "network_type": "IPV4",
            "option_group_name": "default:mysql-8-0",
            "parameter_group_name": "istory-db-parameter-group",
            "password": "user12345",
            "password_wo": null,
            "password_wo_version": null,
            "performance_insights_enabled": false,
            "performance_insights_kms_key_id": "",
            "performance_insights_retention_period": 0,
            "port": 3306,
            "publicly_accessible": false,
            "replica_mode": "",
            "replicas": [],
            "replicate_source_db": "",
            "resource_id": "db-ZMGTQFD4SEV2TNCMEYFDGSOUWM",
            "restore_to_point_in_time": [],
            "s3_import": [],
            "skip_final_snapshot": true,
            "snapshot_identifier": null,
            "status": "available",
            "storage_encrypted": false,
            "storage_throughput": 0,
            "storage_type": "gp2",
            "tags": {
              "Environment": "Development",
              "Name": "istory"
            },
            "tags_all": {
              "Environment": "Development",
              "Name": "istory"
            },
            "timeouts": null,
            "timezone": "",
            "upgrade_storage_config": null,
            "username": "user",
            "vpc_security_group_ids": [
              "sg-0ec46f6e446498e3b"
            ]
          },
          "sensitive_attributes": [
            [
              {
                "type": "get_attr",
                "value": "password"
              }
            ],
            [
              {
                "type": "get_attr",
                "value": "password_wo"
              }
            ]
          ],
          "private": "eyJlMmJmYjczMC1lY2FhLTExZTYtOGY4OC0zNDM2M2JjN2M0YzAiOnsiY3JlYXRlIjozMDAwMDAwMDAwMDAwLCJkZWxldGUiOjM2MDAwMDAwMDAwMDAsInVwZGF0ZSI6NDgwMDAwMDAwMDAwMH0sInNjaGVtYV92ZXJzaW9uIjoiMiJ9",
          "dependencies": [
            "aws_db_parameter_group.istory_db_parameter_group",
            "aws_db_subnet_group.istory_db_subnet_group",
            "aws_security_group.istory_nginx_sg",
            "aws_security_group.istory_rds_sg",
            "aws_subnet.dangtong-vpc-public-subnet",
            "aws_vpc.dangtong-vpc"
          ]
        }
      ]
    },
    {
      "mode": "managed",
      "type": "aws_db_parameter_group",
      "name": "istory_db_parameter_group",
      "provider": "provider[\"registry.terraform.io/hashicorp/aws\"]",
      "instances": [
        {
          "schema_version": 0,
          "attributes": {
            "arn": "arn:aws:rds:ap-northeast-2:253490795297:pg:istory-db-parameter-group",
            "description": "Managed by Terraform",
            "family": "mysql8.0",
            "id": "istory-db-parameter-group",
            "name": "istory-db-parameter-group",
            "name_prefix": "",
            "parameter": [
              {
                "apply_method": "immediate",
                "name": "character_set_client",
                "value": "utf8mb4"
              },
              {
                "apply_method": "immediate",
                "name": "character_set_server",
                "value": "utf8mb4"
              }
            ],
            "skip_destroy": false,
            "tags": null,
            "tags_all": {}
          },
          "sensitive_attributes": [],
          "private": "bnVsbA=="
        }
      ]
    },
    {
      "mode": "managed",
      "type": "aws_db_subnet_group",
      "name": "istory_db_subnet_group",
      "provider": "provider[\"registry.terraform.io/hashicorp/aws\"]",
      "instances": [
        {
          "schema_version": 0,
          "attributes": {
            "arn": "arn:aws:rds:ap-northeast-2:253490795297:subgrp:istory-db-subnet-group",
            "description": "Managed by Terraform",
            "id": "istory-db-subnet-group",
            "name": "istory-db-subnet-group",
            "name_prefix": "",
            "subnet_ids": [
              "subnet-01880099820f147a7",
              "subnet-04e499be901e80852",
              "subnet-0aa2dfcff9244ce44",
              "subnet-0f5b7cab8e75d8df1"
            ],
            "supported_network_types": [
              "IPV4"
            ],
            "tags": {
              "Name": "istory DB subnet group"
            },
            "tags_all": {
              "Name": "istory DB subnet group"
            },
            "vpc_id": "vpc-0d3dc41906c77c934"
          },
          "sensitive_attributes": [],
          "private": "bnVsbA==",
          "dependencies": [
            "aws_subnet.dangtong-vpc-public-subnet",
            "aws_vpc.dangtong-vpc"
          ]
        }
      ]
    },
    {
      "mode": "managed",
      "type": "aws_iam_instance_profile",
      "name": "ec2_profile",
      "provider": "provider[\"registry.terraform.io/hashicorp/aws\"]",
      "instances": [
        {
          "schema_version": 0,
          "attributes": {
            "arn": "arn:aws:iam::253490795297:instance-profile/EC2CodeDeployProfile",
            "create_date": "2025-03-22T05:20:55Z",
            "id": "EC2CodeDeployProfile",
            "name": "EC2CodeDeployProfile",
            "name_prefix": "",
            "path": "/",
            "role": "EC2CodeDeployRole",
            "tags": null,
            "tags_all": {},
            "unique_id": "AIPATWBJ2SMQ2NO2FGJ4U"
          },
          "sensitive_attributes": [],
          "private": "bnVsbA==",
          "dependencies": [
            "aws_iam_role.ec2_codedeploy_role"
          ]
        }
      ]
    },
    {
      "mode": "managed",
      "type": "aws_iam_role",
      "name": "codedeploy_service_role",
      "provider": "provider[\"registry.terraform.io/hashicorp/aws\"]",
      "instances": [
        {
          "schema_version": 0,
          "attributes": {
            "arn": "arn:aws:iam::253490795297:role/CodeDeployServiceRole",
            "assume_role_policy": "{\"Statement\":[{\"Action\":\"sts:AssumeRole\",\"Effect\":\"Allow\",\"Principal\":{\"Service\":\"codedeploy.amazonaws.com\"}}],\"Version\":\"2012-10-17\"}",
            "create_date": "2025-03-22T05:20:54Z",
            "description": "",
            "force_detach_policies": false,
            "id": "CodeDeployServiceRole",
            "inline_policy": [],
            "managed_policy_arns": [],
            "max_session_duration": 3600,
            "name": "CodeDeployServiceRole",
            "name_prefix": "",
            "path": "/",
            "permissions_boundary": "",
            "tags": {
              "Name": "codedeploy-service-role"
            },
            "tags_all": {
              "Name": "codedeploy-service-role"
            },
            "unique_id": "AROATWBJ2SMQ4OANDXBRF"
          },
          "sensitive_attributes": [],
          "private": "bnVsbA=="
        }
      ]
    },
    {
      "mode": "managed",
      "type": "aws_iam_role",
      "name": "ec2_codedeploy_role",
      "provider": "provider[\"registry.terraform.io/hashicorp/aws\"]",
      "instances": [
        {
          "schema_version": 0,
          "attributes": {
            "arn": "arn:aws:iam::253490795297:role/EC2CodeDeployRole",
            "assume_role_policy": "{\"Statement\":[{\"Action\":\"sts:AssumeRole\",\"Effect\":\"Allow\",\"Principal\":{\"Service\":\"ec2.amazonaws.com\"}}],\"Version\":\"2012-10-17\"}",
            "create_date": "2025-03-22T05:20:54Z",
            "description": "",
            "force_detach_policies": false,
            "id": "EC2CodeDeployRole",
            "inline_policy": [],
            "managed_policy_arns": [],
            "max_session_duration": 3600,
            "name": "EC2CodeDeployRole",
            "name_prefix": "",
            "path": "/",
            "permissions_boundary": "",
            "tags": {
              "Name": "ec2-codedeploy-role"
            },
            "tags_all": {
              "Name": "ec2-codedeploy-role"
            },
            "unique_id": "AROATWBJ2SMQ6QJSKAHD5"
          },
          "sensitive_attributes": [],
          "private": "bnVsbA=="
        }
      ]
    },
    {
      "mode": "managed",
      "type": "aws_iam_role_policy_attachment",
      "name": "codedeploy_service",
      "provider": "provider[\"registry.terraform.io/hashicorp/aws\"]",
      "instances": [
        {
          "schema_version": 0,
          "attributes": {
            "id": "CodeDeployServiceRole-20250322052055590600000003",
            "policy_arn": "arn:aws:iam::aws:policy/service-role/AWSCodeDeployRole",
            "role": "CodeDeployServiceRole"
          },
          "sensitive_attributes": [],
          "private": "bnVsbA==",
          "dependencies": [
            "aws_iam_role.codedeploy_service_role"
          ]
        }
      ]
    },
    {
      "mode": "managed",
      "type": "aws_iam_role_policy_attachment",
      "name": "ec2_codedeploy",
      "provider": "provider[\"registry.terraform.io/hashicorp/aws\"]",
      "instances": [
        {
          "schema_version": 0,
          "attributes": {
            "id": "EC2CodeDeployRole-20250322052055273700000001",
            "policy_arn": "arn:aws:iam::aws:policy/service-role/AWSCodeDeployRole",
            "role": "EC2CodeDeployRole"
          },
          "sensitive_attributes": [],
          "private": "bnVsbA==",
          "dependencies": [
            "aws_iam_role.ec2_codedeploy_role"
          ]
        }
      ]
    },
    {
      "mode": "managed",
      "type": "aws_iam_role_policy_attachment",
      "name": "ec2_codedeploy_s3",
      "provider": "provider[\"registry.terraform.io/hashicorp/aws\"]",
      "instances": [
        {
          "schema_version": 0,
          "attributes": {
            "id": "EC2CodeDeployRole-20250322052055495600000002",
            "policy_arn": "arn:aws:iam::aws:policy/AmazonS3ReadOnlyAccess",
            "role": "EC2CodeDeployRole"
          },
          "sensitive_attributes": [],
          "private": "bnVsbA==",
          "dependencies": [
            "aws_iam_role.ec2_codedeploy_role"
          ]
        }
      ]
    },
    {
      "mode": "managed",
      "type": "aws_instance",
      "name": "dev_istory_nginx_instance",
      "provider": "provider[\"registry.terraform.io/hashicorp/aws\"]",
      "instances": [
        {
          "schema_version": 1,
          "attributes": {
            "ami": "ami-08b09b6acd8d62254",
            "arn": "arn:aws:ec2:ap-northeast-2:253490795297:instance/i-09bf4a7b1cb76f955",
            "associate_public_ip_address": true,
            "availability_zone": "ap-northeast-2a",
            "capacity_reservation_specification": [
              {
                "capacity_reservation_preference": "open",
                "capacity_reservation_target": []
              }
            ],
            "cpu_core_count": 1,
            "cpu_options": [
              {
                "amd_sev_snp": "",
                "core_count": 1,
                "threads_per_core": 1
              }
            ],
            "cpu_threads_per_core": 1,
            "credit_specification": [
              {
                "cpu_credits": "standard"
              }
            ],
            "disable_api_stop": false,
            "disable_api_termination": false,
            "ebs_block_device": [],
            "ebs_optimized": false,
            "enable_primary_ipv6": null,
            "enclave_options": [
              {
                "enabled": false
              }
            ],
            "ephemeral_block_device": [],
            "get_password_data": false,
            "hibernation": false,
            "host_id": "",
            "host_resource_group_arn": null,
            "iam_instance_profile": "EC2CodeDeployProfile",
            "id": "i-09bf4a7b1cb76f955",
            "instance_initiated_shutdown_behavior": "stop",
            "instance_lifecycle": "",
            "instance_market_options": [],
            "instance_state": "running",
            "instance_type": "t2.micro",
            "ipv6_address_count": 0,
            "ipv6_addresses": [],
            "key_name": "ec2-key_pair",
            "launch_template": [],
            "maintenance_options": [
              {
                "auto_recovery": "default"
              }
            ],
            "metadata_options": [
              {
                "http_endpoint": "enabled",
                "http_protocol_ipv6": "disabled",
                "http_put_response_hop_limit": 1,
                "http_tokens": "optional",
                "instance_metadata_tags": "disabled"
              }
            ],
            "monitoring": false,
            "network_interface": [],
            "outpost_arn": "",
            "password_data": "",
            "placement_group": "",
            "placement_partition_number": 0,
            "primary_network_interface_id": "eni-02ed0d9782e66b2ff",
            "private_dns": "ip-10-0-1-215.ap-northeast-2.compute.internal",
            "private_dns_name_options": [
              {
                "enable_resource_name_dns_a_record": false,
                "enable_resource_name_dns_aaaa_record": false,
                "hostname_type": "ip-name"
              }
            ],
            "private_ip": "10.0.1.215",
            "public_dns": "ec2-52-79-60-67.ap-northeast-2.compute.amazonaws.com",
            "public_ip": "52.79.60.67",
            "root_block_device": [
              {
                "delete_on_termination": true,
                "device_name": "/dev/xvda",
                "encrypted": false,
                "iops": 100,
                "kms_key_id": "",
                "tags": {},
                "tags_all": {},
                "throughput": 0,
                "volume_id": "vol-0d7a47823daa2a331",
                "volume_size": 8,
                "volume_type": "gp2"
              }
            ],
            "secondary_private_ips": [],
            "security_groups": [],
            "source_dest_check": true,
            "spot_instance_request_id": "",
            "subnet_id": "subnet-0f5b7cab8e75d8df1",
            "tags": {
              "Environment": "Development",
              "Name": "istory nginx-server"
            },
            "tags_all": {
              "Environment": "Development",
              "Name": "istory nginx-server"
            },
            "tenancy": "default",
            "timeouts": null,
            "user_data": "89573fc17c6928260a1ff3340398cee177fd96f0",
            "user_data_base64": null,
            "user_data_replace_on_change": false,
            "volume_tags": null,
            "vpc_security_group_ids": [
              "sg-0476e8abbfb8c4bbe"
            ]
          },
          "sensitive_attributes": [],
          "private": "eyJlMmJmYjczMC1lY2FhLTExZTYtOGY4OC0zNDM2M2JjN2M0YzAiOnsiY3JlYXRlIjo2MDAwMDAwMDAwMDAsImRlbGV0ZSI6MTIwMDAwMDAwMDAwMCwicmVhZCI6OTAwMDAwMDAwMDAwLCJ1cGRhdGUiOjYwMDAwMDAwMDAwMH0sInNjaGVtYV92ZXJzaW9uIjoiMSJ9",
          "dependencies": [
            "aws_iam_instance_profile.ec2_profile",
            "aws_iam_role.ec2_codedeploy_role",
            "aws_key_pair.ec2_key_pair",
            "aws_security_group.istory_nginx_sg",
            "aws_subnet.dangtong-vpc-public-subnet",
            "aws_vpc.dangtong-vpc",
            "tls_private_key.ec2_private_key"
          ]
        }
      ]
    },
    {
      "mode": "managed",
      "type": "aws_internet_gateway",
      "name": "dangtong-igw",
      "provider": "provider[\"registry.terraform.io/hashicorp/aws\"]",
      "instances": [
        {
          "schema_version": 0,
          "attributes": {
            "arn": "arn:aws:ec2:ap-northeast-2:253490795297:internet-gateway/igw-0b32b2a8b95979c0f",
            "id": "igw-0b32b2a8b95979c0f",
            "owner_id": "253490795297",
            "tags": {
              "Name": "dangtong-igw"
            },
            "tags_all": {
              "Name": "dangtong-igw"
            },
            "timeouts": null,
            "vpc_id": "vpc-0d3dc41906c77c934"
          },
          "sensitive_attributes": [],
          "private": "eyJlMmJmYjczMC1lY2FhLTExZTYtOGY4OC0zNDM2M2JjN2M0YzAiOnsiY3JlYXRlIjoxMjAwMDAwMDAwMDAwLCJkZWxldGUiOjEyMDAwMDAwMDAwMDAsInVwZGF0ZSI6MTIwMDAwMDAwMDAwMH19",
          "dependencies": [
            "aws_vpc.dangtong-vpc"
          ]
        }
      ]
    },
    {
      "mode": "managed",
      "type": "aws_key_pair",
      "name": "ec2_key_pair",
      "provider": "provider[\"registry.terraform.io/hashicorp/aws\"]",
      "instances": [
        {
          "schema_version": 1,
          "attributes": {
            "arn": "arn:aws:ec2:ap-northeast-2:253490795297:key-pair/ec2-key_pair",
            "fingerprint": "db:f2:2e:1c:36:73:a9:0c:1e:95:bb:07:48:a2:dd:4a",
            "id": "ec2-key_pair",
            "key_name": "ec2-key_pair",
            "key_name_prefix": "",
            "key_pair_id": "key-0648ff2f9e2e662bf",
            "key_type": "rsa",
            "public_key": "ssh-rsa AAAAB3NzaC1yc2EAAAADAQABAAABAQDGXCcrR1DQTGtuC3hs3mNaKuXwgBmz3StiBWn4f7yHl/tqKKlr/JNvoDRf8Srp9KYvuYe/ufZMLeNb334IunGOkJQxpNyj78SlsRslGyIPxvyRTDGiGQbDTpv+g3fn9X2r0mwCtns4TUz/S6Rnv7GhX5n9uYt7oi0ZYMDqoo9K/7CnrayWKKBFpkpMIgBvpPb/CP4cpgH/XcOLKGTJjaPT8nRGjm3xDNWQ3+kdhBKuqT660DlECfNwJPjhkUVo67fHxerWW0lhogZcib4wi8yowRDtSlojYtLFFh1T2bvcaFXdnyo4Kfj5YEnrgo7px796Y8zTsVb0I5XFKxSKqpJt",
            "tags": null,
            "tags_all": {}
          },
          "sensitive_attributes": [],
          "private": "eyJzY2hlbWFfdmVyc2lvbiI6IjEifQ==",
          "dependencies": [
            "tls_private_key.ec2_private_key"
          ]
        }
      ]
    },
    {
      "mode": "managed",
      "type": "aws_route_table",
      "name": "dangtong-vpc-public-rt",
      "provider": "provider[\"registry.terraform.io/hashicorp/aws\"]",
      "instances": [
        {
          "schema_version": 0,
          "attributes": {
            "arn": "arn:aws:ec2:ap-northeast-2:253490795297:route-table/rtb-0bfbc6f83230ff1c8",
            "id": "rtb-0bfbc6f83230ff1c8",
            "owner_id": "253490795297",
            "propagating_vgws": [],
            "route": [
              {
                "carrier_gateway_id": "",
                "cidr_block": "0.0.0.0/0",
                "core_network_arn": "",
                "destination_prefix_list_id": "",
                "egress_only_gateway_id": "",
                "gateway_id": "igw-0b32b2a8b95979c0f",
                "ipv6_cidr_block": "",
                "local_gateway_id": "",
                "nat_gateway_id": "",
                "network_interface_id": "",
                "transit_gateway_id": "",
                "vpc_endpoint_id": "",
                "vpc_peering_connection_id": ""
              }
            ],
            "tags": {
              "Name": "dangtong-vpc-public-rt"
            },
            "tags_all": {
              "Name": "dangtong-vpc-public-rt"
            },
            "timeouts": null,
            "vpc_id": "vpc-0d3dc41906c77c934"
          },
          "sensitive_attributes": [],
          "private": "eyJlMmJmYjczMC1lY2FhLTExZTYtOGY4OC0zNDM2M2JjN2M0YzAiOnsiY3JlYXRlIjozMDAwMDAwMDAwMDAsImRlbGV0ZSI6MzAwMDAwMDAwMDAwLCJ1cGRhdGUiOjEyMDAwMDAwMDAwMH19",
          "dependencies": [
            "aws_internet_gateway.dangtong-igw",
            "aws_vpc.dangtong-vpc"
          ]
        }
      ]
    },
    {
      "mode": "managed",
      "type": "aws_route_table_association",
      "name": "dangtong-vpc-public-rt",
      "provider": "provider[\"registry.terraform.io/hashicorp/aws\"]",
      "instances": [
        {
          "index_key": "a",
          "schema_version": 0,
          "attributes": {
            "gateway_id": "",
            "id": "rtbassoc-02b88669290167313",
            "route_table_id": "rtb-0bfbc6f83230ff1c8",
            "subnet_id": "subnet-0f5b7cab8e75d8df1",
            "timeouts": null
          },
          "sensitive_attributes": [],
          "private": "eyJlMmJmYjczMC1lY2FhLTExZTYtOGY4OC0zNDM2M2JjN2M0YzAiOnsiY3JlYXRlIjozMDAwMDAwMDAwMDAsImRlbGV0ZSI6MzAwMDAwMDAwMDAwLCJ1cGRhdGUiOjEyMDAwMDAwMDAwMH19",
          "dependencies": [
            "aws_internet_gateway.dangtong-igw",
            "aws_route_table.dangtong-vpc-public-rt",
            "aws_subnet.dangtong-vpc-public-subnet",
            "aws_vpc.dangtong-vpc"
          ]
        },
        {
          "index_key": "b",
          "schema_version": 0,
          "attributes": {
            "gateway_id": "",
            "id": "rtbassoc-0932132655172811d",
            "route_table_id": "rtb-0bfbc6f83230ff1c8",
            "subnet_id": "subnet-01880099820f147a7",
            "timeouts": null
          },
          "sensitive_attributes": [],
          "private": "eyJlMmJmYjczMC1lY2FhLTExZTYtOGY4OC0zNDM2M2JjN2M0YzAiOnsiY3JlYXRlIjozMDAwMDAwMDAwMDAsImRlbGV0ZSI6MzAwMDAwMDAwMDAwLCJ1cGRhdGUiOjEyMDAwMDAwMDAwMH19",
          "dependencies": [
            "aws_internet_gateway.dangtong-igw",
            "aws_route_table.dangtong-vpc-public-rt",
            "aws_subnet.dangtong-vpc-public-subnet",
            "aws_vpc.dangtong-vpc"
          ]
        },
        {
          "index_key": "c",
          "schema_version": 0,
          "attributes": {
            "gateway_id": "",
            "id": "rtbassoc-00943bcd703864f97",
            "route_table_id": "rtb-0bfbc6f83230ff1c8",
            "subnet_id": "subnet-0aa2dfcff9244ce44",
            "timeouts": null
          },
          "sensitive_attributes": [],
          "private": "eyJlMmJmYjczMC1lY2FhLTExZTYtOGY4OC0zNDM2M2JjN2M0YzAiOnsiY3JlYXRlIjozMDAwMDAwMDAwMDAsImRlbGV0ZSI6MzAwMDAwMDAwMDAwLCJ1cGRhdGUiOjEyMDAwMDAwMDAwMH19",
          "dependencies": [
            "aws_internet_gateway.dangtong-igw",
            "aws_route_table.dangtong-vpc-public-rt",
            "aws_subnet.dangtong-vpc-public-subnet",
            "aws_vpc.dangtong-vpc"
          ]
        },
        {
          "index_key": "d",
          "schema_version": 0,
          "attributes": {
            "gateway_id": "",
            "id": "rtbassoc-09569837778a9696e",
            "route_table_id": "rtb-0bfbc6f83230ff1c8",
            "subnet_id": "subnet-04e499be901e80852",
            "timeouts": null
          },
          "sensitive_attributes": [],
          "private": "eyJlMmJmYjczMC1lY2FhLTExZTYtOGY4OC0zNDM2M2JjN2M0YzAiOnsiY3JlYXRlIjozMDAwMDAwMDAwMDAsImRlbGV0ZSI6MzAwMDAwMDAwMDAwLCJ1cGRhdGUiOjEyMDAwMDAwMDAwMH19",
          "dependencies": [
            "aws_internet_gateway.dangtong-igw",
            "aws_route_table.dangtong-vpc-public-rt",
            "aws_subnet.dangtong-vpc-public-subnet",
            "aws_vpc.dangtong-vpc"
          ]
        }
      ]
    },
    {
      "mode": "managed",
      "type": "aws_s3_bucket",
      "name": "istory-deploy-bucket",
      "provider": "provider[\"registry.terraform.io/hashicorp/aws\"]",
      "instances": [
        {
          "schema_version": 0,
          "attributes": {
            "acceleration_status": "",
            "acl": null,
            "arn": "arn:aws:s3:::istory-deploy-bucket-253490795297",
            "bucket": "istory-deploy-bucket-253490795297",
            "bucket_domain_name": "istory-deploy-bucket-253490795297.s3.amazonaws.com",
            "bucket_prefix": "",
            "bucket_regional_domain_name": "istory-deploy-bucket-253490795297.s3.ap-northeast-2.amazonaws.com",
            "cors_rule": [],
            "force_destroy": false,
            "grant": [
              {
                "id": "757347d2dce3f6c79124bbe4a783b7b4177b1e4deec786b940d71f835cf817e2",
                "permissions": [
                  "FULL_CONTROL"
                ],
                "type": "CanonicalUser",
                "uri": ""
              }
            ],
            "hosted_zone_id": "Z3W03O7B5YMIYP",
            "id": "istory-deploy-bucket-253490795297",
            "lifecycle_rule": [],
            "logging": [],
            "object_lock_configuration": [],
            "object_lock_enabled": false,
            "policy": "",
            "region": "ap-northeast-2",
            "replication_configuration": [],
            "request_payer": "BucketOwner",
            "server_side_encryption_configuration": [
              {
                "rule": [
                  {
                    "apply_server_side_encryption_by_default": [
                      {
                        "kms_master_key_id": "",
                        "sse_algorithm": "AES256"
                      }
                    ],
                    "bucket_key_enabled": false
                  }
                ]
              }
            ],
            "tags": null,
            "tags_all": {},
            "timeouts": null,
            "versioning": [
              {
                "enabled": false,
                "mfa_delete": false
              }
            ],
            "website": [],
            "website_domain": null,
            "website_endpoint": null
          },
          "sensitive_attributes": [],
          "private": "eyJlMmJmYjczMC1lY2FhLTExZTYtOGY4OC0zNDM2M2JjN2M0YzAiOnsiY3JlYXRlIjoxMjAwMDAwMDAwMDAwLCJkZWxldGUiOjM2MDAwMDAwMDAwMDAsInJlYWQiOjEyMDAwMDAwMDAwMDAsInVwZGF0ZSI6MTIwMDAwMDAwMDAwMH19",
          "dependencies": [
            "data.aws_caller_identity.current"
          ]
        }
      ]
    },
    {
      "mode": "managed",
      "type": "aws_s3_bucket_versioning",
      "name": "deploy_bucket_versioning",
      "provider": "provider[\"registry.terraform.io/hashicorp/aws\"]",
      "instances": [
        {
          "schema_version": 0,
          "attributes": {
            "bucket": "istory-deploy-bucket-253490795297",
            "expected_bucket_owner": "",
            "id": "istory-deploy-bucket-253490795297",
            "mfa": null,
            "versioning_configuration": [
              {
                "mfa_delete": "",
                "status": "Enabled"
              }
            ]
          },
          "sensitive_attributes": [],
          "private": "bnVsbA==",
          "dependencies": [
            "aws_s3_bucket.istory-deploy-bucket",
            "data.aws_caller_identity.current"
          ]
        }
      ]
    },
    {
      "mode": "managed",
      "type": "aws_security_group",
      "name": "istory_nginx_sg",
      "provider": "provider[\"registry.terraform.io/hashicorp/aws\"]",
      "instances": [
        {
          "schema_version": 1,
          "attributes": {
            "arn": "arn:aws:ec2:ap-northeast-2:253490795297:security-group/sg-0476e8abbfb8c4bbe",
            "description": "Managed by Terraform",
            "egress": [
              {
                "cidr_blocks": [
                  "0.0.0.0/0"
                ],
                "description": "",
                "from_port": 0,
                "ipv6_cidr_blocks": [],
                "prefix_list_ids": [],
                "protocol": "-1",
                "security_groups": [],
                "self": false,
                "to_port": 0
              }
            ],
            "id": "sg-0476e8abbfb8c4bbe",
            "ingress": [
              {
                "cidr_blocks": [
                  "0.0.0.0/0"
                ],
                "description": "Allow HTTP",
                "from_port": 8080,
                "ipv6_cidr_blocks": [],
                "prefix_list_ids": [],
                "protocol": "tcp",
                "security_groups": [],
                "self": false,
                "to_port": 8080
              },
              {
                "cidr_blocks": [
                  "0.0.0.0/0"
                ],
                "description": "Allow SSH",
                "from_port": 22,
                "ipv6_cidr_blocks": [],
                "prefix_list_ids": [],
                "protocol": "tcp",
                "security_groups": [],
                "self": false,
                "to_port": 22
              }
            ],
            "name": "istory nginx sg20250322052104931600000004",
            "name_prefix": "istory nginx sg",
            "owner_id": "253490795297",
            "revoke_rules_on_delete": false,
            "tags": null,
            "tags_all": {},
            "timeouts": null,
            "vpc_id": "vpc-0d3dc41906c77c934"
          },
          "sensitive_attributes": [],
          "private": "eyJlMmJmYjczMC1lY2FhLTExZTYtOGY4OC0zNDM2M2JjN2M0YzAiOnsiY3JlYXRlIjo2MDAwMDAwMDAwMDAsImRlbGV0ZSI6OTAwMDAwMDAwMDAwfSwic2NoZW1hX3ZlcnNpb24iOiIxIn0=",
          "dependencies": [
            "aws_vpc.dangtong-vpc"
          ]
        }
      ]
    },
    {
      "mode": "managed",
      "type": "aws_security_group",
      "name": "istory_rds_sg",
      "provider": "provider[\"registry.terraform.io/hashicorp/aws\"]",
      "instances": [
        {
          "schema_version": 1,
          "attributes": {
            "arn": "arn:aws:ec2:ap-northeast-2:253490795297:security-group/sg-0ec46f6e446498e3b",
            "description": "Managed by Terraform",
            "egress": [
              {
                "cidr_blocks": [
                  "0.0.0.0/0"
                ],
                "description": "",
                "from_port": 0,
                "ipv6_cidr_blocks": [],
                "prefix_list_ids": [],
                "protocol": "-1",
                "security_groups": [],
                "self": false,
                "to_port": 0
              }
            ],
            "id": "sg-0ec46f6e446498e3b",
            "ingress": [
              {
                "cidr_blocks": [],
                "description": "Allow MySQL from EC2",
                "from_port": 3306,
                "ipv6_cidr_blocks": [],
                "prefix_list_ids": [],
                "protocol": "tcp",
                "security_groups": [
                  "sg-0476e8abbfb8c4bbe"
                ],
                "self": false,
                "to_port": 3306
              }
            ],
            "name": "istory rds sg20250322052107489500000006",
            "name_prefix": "istory rds sg",
            "owner_id": "253490795297",
            "revoke_rules_on_delete": false,
            "tags": {
              "Name": "istory-rds-sg"
            },
            "tags_all": {
              "Name": "istory-rds-sg"
            },
            "timeouts": null,
            "vpc_id": "vpc-0d3dc41906c77c934"
          },
          "sensitive_attributes": [],
          "private": "eyJlMmJmYjczMC1lY2FhLTExZTYtOGY4OC0zNDM2M2JjN2M0YzAiOnsiY3JlYXRlIjo2MDAwMDAwMDAwMDAsImRlbGV0ZSI6OTAwMDAwMDAwMDAwfSwic2NoZW1hX3ZlcnNpb24iOiIxIn0=",
          "dependencies": [
            "aws_security_group.istory_nginx_sg",
            "aws_vpc.dangtong-vpc"
          ]
        }
      ]
    },
    {
      "mode": "managed",
      "type": "aws_subnet",
      "name": "dangtong-vpc-public-subnet",
      "provider": "provider[\"registry.terraform.io/hashicorp/aws\"]",
      "instances": [
        {
          "index_key": "a",
          "schema_version": 1,
          "attributes": {
            "arn": "arn:aws:ec2:ap-northeast-2:253490795297:subnet/subnet-0f5b7cab8e75d8df1",
            "assign_ipv6_address_on_creation": false,
            "availability_zone": "ap-northeast-2a",
            "availability_zone_id": "apne2-az1",
            "cidr_block": "10.0.1.0/24",
            "customer_owned_ipv4_pool": "",
            "enable_dns64": false,
            "enable_lni_at_device_index": 0,
            "enable_resource_name_dns_a_record_on_launch": false,
            "enable_resource_name_dns_aaaa_record_on_launch": false,
            "id": "subnet-0f5b7cab8e75d8df1",
            "ipv6_cidr_block": "",
            "ipv6_cidr_block_association_id": "",
            "ipv6_native": false,
            "map_customer_owned_ip_on_launch": false,
            "map_public_ip_on_launch": true,
            "outpost_arn": "",
            "owner_id": "253490795297",
            "private_dns_hostname_type_on_launch": "ip-name",
            "tags": {
              "Name": "dangtong-vpc-public-subnet-a"
            },
            "tags_all": {
              "Name": "dangtong-vpc-public-subnet-a"
            },
            "timeouts": null,
            "vpc_id": "vpc-0d3dc41906c77c934"
          },
          "sensitive_attributes": [],
          "private": "eyJlMmJmYjczMC1lY2FhLTExZTYtOGY4OC0zNDM2M2JjN2M0YzAiOnsiY3JlYXRlIjo2MDAwMDAwMDAwMDAsImRlbGV0ZSI6MTIwMDAwMDAwMDAwMH0sInNjaGVtYV92ZXJzaW9uIjoiMSJ9",
          "dependencies": [
            "aws_vpc.dangtong-vpc"
          ]
        },
        {
          "index_key": "b",
          "schema_version": 1,
          "attributes": {
            "arn": "arn:aws:ec2:ap-northeast-2:253490795297:subnet/subnet-01880099820f147a7",
            "assign_ipv6_address_on_creation": false,
            "availability_zone": "ap-northeast-2b",
            "availability_zone_id": "apne2-az2",
            "cidr_block": "10.0.2.0/24",
            "customer_owned_ipv4_pool": "",
            "enable_dns64": false,
            "enable_lni_at_device_index": 0,
            "enable_resource_name_dns_a_record_on_launch": false,
            "enable_resource_name_dns_aaaa_record_on_launch": false,
            "id": "subnet-01880099820f147a7",
            "ipv6_cidr_block": "",
            "ipv6_cidr_block_association_id": "",
            "ipv6_native": false,
            "map_customer_owned_ip_on_launch": false,
            "map_public_ip_on_launch": true,
            "outpost_arn": "",
            "owner_id": "253490795297",
            "private_dns_hostname_type_on_launch": "ip-name",
            "tags": {
              "Name": "dangtong-vpc-public-subnet-b"
            },
            "tags_all": {
              "Name": "dangtong-vpc-public-subnet-b"
            },
            "timeouts": null,
            "vpc_id": "vpc-0d3dc41906c77c934"
          },
          "sensitive_attributes": [],
          "private": "eyJlMmJmYjczMC1lY2FhLTExZTYtOGY4OC0zNDM2M2JjN2M0YzAiOnsiY3JlYXRlIjo2MDAwMDAwMDAwMDAsImRlbGV0ZSI6MTIwMDAwMDAwMDAwMH0sInNjaGVtYV92ZXJzaW9uIjoiMSJ9",
          "dependencies": [
            "aws_vpc.dangtong-vpc"
          ]
        },
        {
          "index_key": "c",
          "schema_version": 1,
          "attributes": {
            "arn": "arn:aws:ec2:ap-northeast-2:253490795297:subnet/subnet-0aa2dfcff9244ce44",
            "assign_ipv6_address_on_creation": false,
            "availability_zone": "ap-northeast-2c",
            "availability_zone_id": "apne2-az3",
            "cidr_block": "10.0.3.0/24",
            "customer_owned_ipv4_pool": "",
            "enable_dns64": false,
            "enable_lni_at_device_index": 0,
            "enable_resource_name_dns_a_record_on_launch": false,
            "enable_resource_name_dns_aaaa_record_on_launch": false,
            "id": "subnet-0aa2dfcff9244ce44",
            "ipv6_cidr_block": "",
            "ipv6_cidr_block_association_id": "",
            "ipv6_native": false,
            "map_customer_owned_ip_on_launch": false,
            "map_public_ip_on_launch": true,
            "outpost_arn": "",
            "owner_id": "253490795297",
            "private_dns_hostname_type_on_launch": "ip-name",
            "tags": {
              "Name": "dangtong-vpc-public-subnet-c"
            },
            "tags_all": {
              "Name": "dangtong-vpc-public-subnet-c"
            },
            "timeouts": null,
            "vpc_id": "vpc-0d3dc41906c77c934"
          },
          "sensitive_attributes": [],
          "private": "eyJlMmJmYjczMC1lY2FhLTExZTYtOGY4OC0zNDM2M2JjN2M0YzAiOnsiY3JlYXRlIjo2MDAwMDAwMDAwMDAsImRlbGV0ZSI6MTIwMDAwMDAwMDAwMH0sInNjaGVtYV92ZXJzaW9uIjoiMSJ9",
          "dependencies": [
            "aws_vpc.dangtong-vpc"
          ]
        },
        {
          "index_key": "d",
          "schema_version": 1,
          "attributes": {
            "arn": "arn:aws:ec2:ap-northeast-2:253490795297:subnet/subnet-04e499be901e80852",
            "assign_ipv6_address_on_creation": false,
            "availability_zone": "ap-northeast-2d",
            "availability_zone_id": "apne2-az4",
            "cidr_block": "10.0.4.0/24",
            "customer_owned_ipv4_pool": "",
            "enable_dns64": false,
            "enable_lni_at_device_index": 0,
            "enable_resource_name_dns_a_record_on_launch": false,
            "enable_resource_name_dns_aaaa_record_on_launch": false,
            "id": "subnet-04e499be901e80852",
            "ipv6_cidr_block": "",
            "ipv6_cidr_block_association_id": "",
            "ipv6_native": false,
            "map_customer_owned_ip_on_launch": false,
            "map_public_ip_on_launch": true,
            "outpost_arn": "",
            "owner_id": "253490795297",
            "private_dns_hostname_type_on_launch": "ip-name",
            "tags": {
              "Name": "dangtong-vpc-public-subnet-d"
            },
            "tags_all": {
              "Name": "dangtong-vpc-public-subnet-d"
            },
            "timeouts": null,
            "vpc_id": "vpc-0d3dc41906c77c934"
          },
          "sensitive_attributes": [],
          "private": "eyJlMmJmYjczMC1lY2FhLTExZTYtOGY4OC0zNDM2M2JjN2M0YzAiOnsiY3JlYXRlIjo2MDAwMDAwMDAwMDAsImRlbGV0ZSI6MTIwMDAwMDAwMDAwMH0sInNjaGVtYV92ZXJzaW9uIjoiMSJ9",
          "dependencies": [
            "aws_vpc.dangtong-vpc"
          ]
        }
      ]
    },
    {
      "mode": "managed",
      "type": "aws_vpc",
      "name": "dangtong-vpc",
      "provider": "provider[\"registry.terraform.io/hashicorp/aws\"]",
      "instances": [
        {
          "schema_version": 1,
          "attributes": {
            "arn": "arn:aws:ec2:ap-northeast-2:253490795297:vpc/vpc-0d3dc41906c77c934",
            "assign_generated_ipv6_cidr_block": false,
            "cidr_block": "10.0.0.0/16",
            "default_network_acl_id": "acl-083d1ddd18f87169e",
            "default_route_table_id": "rtb-0fd02b8f850b525c4",
            "default_security_group_id": "sg-04773de19b6b3d7e0",
            "dhcp_options_id": "dopt-008b4f032200fce34",
            "enable_dns_hostnames": true,
            "enable_dns_support": true,
            "enable_network_address_usage_metrics": false,
            "id": "vpc-0d3dc41906c77c934",
            "instance_tenancy": "default",
            "ipv4_ipam_pool_id": null,
            "ipv4_netmask_length": null,
            "ipv6_association_id": "",
            "ipv6_cidr_block": "",
            "ipv6_cidr_block_network_border_group": "",
            "ipv6_ipam_pool_id": "",
            "ipv6_netmask_length": 0,
            "main_route_table_id": "rtb-0fd02b8f850b525c4",
            "owner_id": "253490795297",
            "tags": {
              "Name": "dangtong-vpc"
            },
            "tags_all": {
              "Name": "dangtong-vpc"
            }
          },
          "sensitive_attributes": [],
          "private": "eyJzY2hlbWFfdmVyc2lvbiI6IjEifQ=="
        }
      ]
    },
    {
      "mode": "managed",
      "type": "tls_private_key",
      "name": "ec2_private_key",
      "provider": "provider[\"registry.terraform.io/hashicorp/tls\"]",
      "instances": [
        {
          "schema_version": 1,
          "attributes": {
            "algorithm": "RSA",
            "ecdsa_curve": "P224",
            "id": "7734802b04fec18e3e58843ddaa1ee432d317047",
            "private_key_openssh": "-----BEGIN OPENSSH PRIVATE KEY-----\nb3BlbnNzaC1rZXktdjEAAAAABG5vbmUAAAAEbm9uZQAAAAAAAAABAAABFwAAAAdz\nc2gtcnNhAAAAAwEAAQAAAQEAxlwnK0dQ0Exrbgt4bN5jWirl8IAZs90rYgVp+H+8\nh5f7aiipa/yTb6A0X/Eq6fSmL7mHv7n2TC3jW99+CLpxjpCUMaTco+/EpbEbJRsi\nD8b8kUwxohkGw06b/oN35/V9q9JsArZ7OE1M/0ukZ7+xoV+Z/bmLe6ItGWDA6qKP\nSv+wp62sliigRaZKTCIAb6T2/wj+HKYB/13DiyhkyY2j0/J0Ro5t8QzVkN/pHYQS\nrqk+utA5RAnzcCT44ZFFaOu3x8Xq1ltJYaIGXIm+MIvMqMEQ7UpaI2LSxRYdU9m7\n3GhV3Z8qOCn4+WBJ64KO6ce/emPM07FW9COVxSsUiqqSbQAAA7iB5q/DgeavwwAA\nAAdzc2gtcnNhAAABAQDGXCcrR1DQTGtuC3hs3mNaKuXwgBmz3StiBWn4f7yHl/tq\nKKlr/JNvoDRf8Srp9KYvuYe/ufZMLeNb334IunGOkJQxpNyj78SlsRslGyIPxvyR\nTDGiGQbDTpv+g3fn9X2r0mwCtns4TUz/S6Rnv7GhX5n9uYt7oi0ZYMDqoo9K/7Cn\nrayWKKBFpkpMIgBvpPb/CP4cpgH/XcOLKGTJjaPT8nRGjm3xDNWQ3+kdhBKuqT66\n0DlECfNwJPjhkUVo67fHxerWW0lhogZcib4wi8yowRDtSlojYtLFFh1T2bvcaFXd\nnyo4Kfj5YEnrgo7px796Y8zTsVb0I5XFKxSKqpJtAAAAAwEAAQAAAQBCc26/xeVh\n0qgOtpMCTcIU29gqKI/zvH0jGlM0533+IsEcAEE5puSxeYbyOTW6KLZfuJSsexzy\nylCnX4i2Xdda/j5XHza3SMSlCV7hoGRZyryj5FWgSygD19rUebB6qbgPDrAWfJFs\n/CB2Sh3qj8JvIDrTUAxVP7BCFzKpqAm/ArBd+7DLITKiWxE9Aju6BsgmSKNimEuZ\nelBsoJ8WL43MIxCvxArePt+KRBtp7/dq3Z7ItL6p/G4FsM31XAfmWQ1steRD1g7O\nijBWGYJDnYL8Q04hRP67E1oZGcqA0pKZNwBUFFoPqoTvFN8zHt/9jjlb1gfLILkt\nWzmvzNhAtTaBAAAAgQCwEX6bH6SygqIYJBOJXek2iwubNAlA/LEQZJxv+ISIRFYW\nkiScsRIJ+K49E5xzCWnQHbwbasoShkDnEtPKGOC12wsrLds9Mtxv5d1lIqT2WXUt\nyc5DYPFkeLQZjHWDrxaeseIsG6ODO0ZWPTgkTVDhatcQ8E1gMILnmXEXApMJvQAA\nAIEA56Ujx1hHb2kJSYNKaEexl+H6JhcXSRAblQFDJFx9F2yEY/1H6XiPcZIs8kyz\nJ/52UeYMLops6Y7HnIZzXL/e7h7H82FK3MJH2ZDuqHJdBnZ75Kw+2SbanX02txi/\nw+dT8/UcaOco91oElU5HHVn+ULq7gr2F8d/fl5wxgwJccqEAAACBANs3ICPS/ZYT\n3+EOY8zDj9x4waI9+S2KFXdMj+/tGRV8L8zVeCjFeTr7/IJCebS0FNKRidplh9Eg\n8C25jZNfhW1NZbstWZ6gS/lqxP/JB4HbxXczASxDNCLOQgarEtbbQcTy/EDALWPI\nZ4mQlHrNnlNnnkQUahmUDo21anxB/RhNAAAAAAEC\n-----END OPENSSH PRIVATE KEY-----\n",
            "private_key_pem": "-----BEGIN RSA PRIVATE KEY-----\nMIIEowIBAAKCAQEAxlwnK0dQ0Exrbgt4bN5jWirl8IAZs90rYgVp+H+8h5f7aiip\na/yTb6A0X/Eq6fSmL7mHv7n2TC3jW99+CLpxjpCUMaTco+/EpbEbJRsiD8b8kUwx\nohkGw06b/oN35/V9q9JsArZ7OE1M/0ukZ7+xoV+Z/bmLe6ItGWDA6qKPSv+wp62s\nliigRaZKTCIAb6T2/wj+HKYB/13DiyhkyY2j0/J0Ro5t8QzVkN/pHYQSrqk+utA5\nRAnzcCT44ZFFaOu3x8Xq1ltJYaIGXIm+MIvMqMEQ7UpaI2LSxRYdU9m73GhV3Z8q\nOCn4+WBJ64KO6ce/emPM07FW9COVxSsUiqqSbQIDAQABAoIBAEJzbr/F5WHSqA62\nkwJNwhTb2Cooj/O8fSMaUzTnff4iwRwAQTmm5LF5hvI5Nbootl+4lKx7HPLKUKdf\niLZd11r+PlcfNrdIxKUJXuGgZFnKvKPkVaBLKAPX2tR5sHqpuA8OsBZ8kWz8IHZK\nHeqPwm8gOtNQDFU/sEIXMqmoCb8CsF37sMshMqJbET0CO7oGyCZIo2KYS5l6UGyg\nnxYvjcwjEK/ECt4+34pEG2nv92rdnsi0vqn8bgWwzfVcB+ZZDWy15EPWDs6KMFYZ\ngkOdgvxDTiFE/rsTWhkZyoDSkpk3AFQUWg+qhO8U3zMe3/2OOVvWB8sguS1bOa/M\n2EC1NoECgYEA56Ujx1hHb2kJSYNKaEexl+H6JhcXSRAblQFDJFx9F2yEY/1H6XiP\ncZIs8kyzJ/52UeYMLops6Y7HnIZzXL/e7h7H82FK3MJH2ZDuqHJdBnZ75Kw+2Sba\nnX02txi/w+dT8/UcaOco91oElU5HHVn+ULq7gr2F8d/fl5wxgwJccqECgYEA2zcg\nI9L9lhPf4Q5jzMOP3HjBoj35LYoVd0yP7+0ZFXwvzNV4KMV5Ovv8gkJ5tLQU0pGJ\n2mWH0SDwLbmNk1+FbU1luy1ZnqBL+WrE/8kHgdvFdzMBLEM0Is5CBqsS1ttBxPL8\nQMAtY8hniZCUes2eU2eeRBRqGZQOjbVqfEH9GE0CgYAtWFFZq3lIYNpVjqLZKPel\n0LGkFS8UuVd84qNfEc/W7wI3hJQ4KsaBp+iugb8sXA6TV6IY1jYdvjpq9JLOnCyq\nllHz3Z7G+i0QdOOTC9gT9Mup5uHipk1zONimHO0lDzqK7fdivaVyTifJhmo7X6t9\n6B/epvT6dSWSyxuSFrs8IQKBgF2mmUZ0tv1MlFJzcVNjIKyRsjd7vl4kJbOHs95O\nLm8tVMZvVBwm8Pmv+Vo0yAXZASRMJNZ2laVUKwd9w+v33OqrLBDg+O55kLuHT43u\n9hQWLbAUzCV6uGU+NJrgrvW3Scu3+ug2sa11SjZM3AHyofcDx2tSRVmUFPuZS1q2\nXkfpAoGBALARfpsfpLKCohgkE4ld6TaLC5s0CUD8sRBknG/4hIhEVhaSJJyxEgn4\nrj0TnHMJadAdvBtqyhKGQOcS08oY4LXbCyst2z0y3G/l3WUipPZZdS3JzkNg8WR4\ntBmMdYOvFp6x4iwbo4M7RlY9OCRNUOFq1xDwTWAwgueZcRcCkwm9\n-----END RSA PRIVATE KEY-----\n",
            "private_key_pem_pkcs8": "-----BEGIN PRIVATE KEY-----\nMIIEvQIBADANBgkqhkiG9w0BAQEFAASCBKcwggSjAgEAAoIBAQDGXCcrR1DQTGtu\nC3hs3mNaKuXwgBmz3StiBWn4f7yHl/tqKKlr/JNvoDRf8Srp9KYvuYe/ufZMLeNb\n334IunGOkJQxpNyj78SlsRslGyIPxvyRTDGiGQbDTpv+g3fn9X2r0mwCtns4TUz/\nS6Rnv7GhX5n9uYt7oi0ZYMDqoo9K/7CnrayWKKBFpkpMIgBvpPb/CP4cpgH/XcOL\nKGTJjaPT8nRGjm3xDNWQ3+kdhBKuqT660DlECfNwJPjhkUVo67fHxerWW0lhogZc\nib4wi8yowRDtSlojYtLFFh1T2bvcaFXdnyo4Kfj5YEnrgo7px796Y8zTsVb0I5XF\nKxSKqpJtAgMBAAECggEAQnNuv8XlYdKoDraTAk3CFNvYKiiP87x9IxpTNOd9/iLB\nHABBOabksXmG8jk1uii2X7iUrHsc8spQp1+Itl3XWv4+Vx82t0jEpQle4aBkWcq8\no+RVoEsoA9fa1Hmweqm4Dw6wFnyRbPwgdkod6o/CbyA601AMVT+wQhcyqagJvwKw\nXfuwyyEyolsRPQI7ugbIJkijYphLmXpQbKCfFi+NzCMQr8QK3j7fikQbae/3at2e\nyLS+qfxuBbDN9VwH5lkNbLXkQ9YOzoowVhmCQ52C/ENOIUT+uxNaGRnKgNKSmTcA\nVBRaD6qE7xTfMx7f/Y45W9YHyyC5LVs5r8zYQLU2gQKBgQDnpSPHWEdvaQlJg0po\nR7GX4fomFxdJEBuVAUMkXH0XbIRj/UfpeI9xkizyTLMn/nZR5gwuimzpjsechnNc\nv97uHsfzYUrcwkfZkO6ocl0GdnvkrD7ZJtqdfTa3GL/D51Pz9Rxo5yj3WgSVTkcd\nWf5QuruCvYXx39+XnDGDAlxyoQKBgQDbNyAj0v2WE9/hDmPMw4/ceMGiPfktihV3\nTI/v7RkVfC/M1XgoxXk6+/yCQnm0tBTSkYnaZYfRIPAtuY2TX4VtTWW7LVmeoEv5\nasT/yQeB28V3MwEsQzQizkIGqxLW20HE8vxAwC1jyGeJkJR6zZ5TZ55EFGoZlA6N\ntWp8Qf0YTQKBgC1YUVmreUhg2lWOotko96XQsaQVLxS5V3zio18Rz9bvAjeElDgq\nxoGn6K6BvyxcDpNXohjWNh2+Omr0ks6cLKqWUfPdnsb6LRB045ML2BP0y6nm4eKm\nTXM42KYc7SUPOort92K9pXJOJ8mGajtfq33oH96m9Pp1JZLLG5IWuzwhAoGAXaaZ\nRnS2/UyUUnNxU2MgrJGyN3u+XiQls4ez3k4uby1Uxm9UHCbw+a/5WjTIBdkBJEwk\n1naVpVQrB33D6/fc6qssEOD47nmQu4dPje72FBYtsBTMJXq4ZT40muCu9bdJy7f6\n6DaxrXVKNkzcAfKh9wPHa1JFWZQU+5lLWrZeR+kCgYEAsBF+mx+ksoKiGCQTiV3p\nNosLmzQJQPyxEGScb/iEiERWFpIknLESCfiuPROccwlp0B28G2rKEoZA5xLTyhjg\ntdsLKy3bPTLcb+XdZSKk9ll1LcnOQ2DxZHi0GYx1g68WnrHiLBujgztGVj04JE1Q\n4WrXEPBNYDCC55lxFwKTCb0=\n-----END PRIVATE KEY-----\n",
            "public_key_fingerprint_md5": "09:db:c8:3d:14:f7:ab:6f:36:ea:3a:05:b0:68:56:74",
            "public_key_fingerprint_sha256": "SHA256:RuFDu05WEQK+Zv9LcRF1jaWaZZCwrpR7TnBgVyFQzD8",
            "public_key_openssh": "ssh-rsa AAAAB3NzaC1yc2EAAAADAQABAAABAQDGXCcrR1DQTGtuC3hs3mNaKuXwgBmz3StiBWn4f7yHl/tqKKlr/JNvoDRf8Srp9KYvuYe/ufZMLeNb334IunGOkJQxpNyj78SlsRslGyIPxvyRTDGiGQbDTpv+g3fn9X2r0mwCtns4TUz/S6Rnv7GhX5n9uYt7oi0ZYMDqoo9K/7CnrayWKKBFpkpMIgBvpPb/CP4cpgH/XcOLKGTJjaPT8nRGjm3xDNWQ3+kdhBKuqT660DlECfNwJPjhkUVo67fHxerWW0lhogZcib4wi8yowRDtSlojYtLFFh1T2bvcaFXdnyo4Kfj5YEnrgo7px796Y8zTsVb0I5XFKxSKqpJt\n",
            "public_key_pem": "-----BEGIN PUBLIC KEY-----\nMIIBIjANBgkqhkiG9w0BAQEFAAOCAQ8AMIIBCgKCAQEAxlwnK0dQ0Exrbgt4bN5j\nWirl8IAZs90rYgVp+H+8h5f7aiipa/yTb6A0X/Eq6fSmL7mHv7n2TC3jW99+CLpx\njpCUMaTco+/EpbEbJRsiD8b8kUwxohkGw06b/oN35/V9q9JsArZ7OE1M/0ukZ7+x\noV+Z/bmLe6ItGWDA6qKPSv+wp62sliigRaZKTCIAb6T2/wj+HKYB/13DiyhkyY2j\n0/J0Ro5t8QzVkN/pHYQSrqk+utA5RAnzcCT44ZFFaOu3x8Xq1ltJYaIGXIm+MIvM\nqMEQ7UpaI2LSxRYdU9m73GhV3Z8qOCn4+WBJ64KO6ce/emPM07FW9COVxSsUiqqS\nbQIDAQAB\n-----END PUBLIC KEY-----\n",
            "rsa_bits": 2048
          },
          "sensitive_attributes": [
            [
              {
                "type": "get_attr",
                "value": "private_key_openssh"
              }
            ],
            [
              {
                "type": "get_attr",
                "value": "private_key_pem_pkcs8"
              }
            ],
            [
              {
                "type": "get_attr",
                "value": "private_key_pem"
              }
            ]
          ]
        }
      ]
    }
  ],
  "check_results": null
}
